
Microsoft Visual Studio Solution File, Format Version 12.00
Project("{FAE04EC0-301F-11D3-BF4B-00C04F79EFBC}") = "BlazingInject.Consumer", "BlazingInject.Consumer\BlazingInject.Consumer.csproj", "{4FBA8B6D-2D84-4986-806B-C76935916F11}"
EndProject
Project("{FAE04EC0-301F-11D3-BF4B-00C04F79EFBC}") = "BlazingInject.Core", "BlazingInject.Core\BlazingInject.Core.csproj", "{004E64DC-1850-4921-AC94-E739ED70AF70}"
EndProject
Global
	GlobalSection(SolutionConfigurationPlatforms) = preSolution
		Debug|Any CPU = Debug|Any CPU
		Release|Any CPU = Release|Any CPU
	EndGlobalSection
	GlobalSection(ProjectConfigurationPlatforms) = postSolution
		{4FBA8B6D-2D84-4986-806B-C76935916F11}.Debug|Any CPU.ActiveCfg = Debug|Any CPU
		{4FBA8B6D-2D84-4986-806B-C76935916F11}.Debug|Any CPU.Build.0 = Debug|Any CPU
		{4FBA8B6D-2D84-4986-806B-C76935916F11}.Release|Any CPU.ActiveCfg = Release|Any CPU
		{4FBA8B6D-2D84-4986-806B-C76935916F11}.Release|Any CPU.Build.0 = Release|Any CPU
		{004E64DC-1850-4921-AC94-E739ED70AF70}.Debug|Any CPU.ActiveCfg = Debug|Any CPU
		{004E64DC-1850-4921-AC94-E739ED70AF70}.Debug|Any CPU.Build.0 = Debug|Any CPU
		{004E64DC-1850-4921-AC94-E739ED70AF70}.Release|Any CPU.ActiveCfg = Release|Any CPU
		{004E64DC-1850-4921-AC94-E739ED70AF70}.Release|Any CPU.Build.0 = Release|Any CPU
	EndGlobalSection
EndGlobal
